
Microsoft Visual Studio Solution File, Format Version 12.00
# Visual Studio Version 16
VisualStudioVersion = 16.0.30011.22
MinimumVisualStudioVersion = 10.0.40219.1
Project("{FAE04EC0-301F-11D3-BF4B-00C04F79EFBC}") = "WindowsFormsApp1", "WindowsFormsApp1\WindowsFormsApp1.csproj", "{54C21E9E-E861-458F-87A8-9EF497194325}"
EndProject
Global
	GlobalSection(SolutionConfigurationPlatforms) = preSolution
		Debug|Any CPU = Debug|Any CPU
		Release|Any CPU = Release|Any CPU
	EndGlobalSection
	GlobalSection(ProjectConfigurationPlatforms) = postSolution
		{54C21E9E-E861-458F-87A8-9EF497194325}.Debug|Any CPU.ActiveCfg = Debug|Any CPU
		{54C21E9E-E861-458F-87A8-9EF497194325}.Debug|Any CPU.Build.0 = Debug|Any CPU
		{54C21E9E-E861-458F-87A8-9EF497194325}.Release|Any CPU.ActiveCfg = Release|Any CPU
		{54C21E9E-E861-458F-87A8-9EF497194325}.Release|Any CPU.Build.0 = Release|Any CPU
	EndGlobalSection
	GlobalSection(SolutionProperties) = preSolution
		HideSolutionNode = FALSE
	EndGlobalSection
	GlobalSection(ExtensibilityGlobals) = postSolution
		SolutionGuid = {921F4372-DC81-49D2-8B7B-73A9C3F7B1E4}
	EndGlobalSection
EndGlobal
